
Microsoft Visual Studio Solution File, Format Version 12.00
# Visual Studio Version 16
VisualStudioVersion = 16.0.31129.286
MinimumVisualStudioVersion = 10.0.40219.1
Project("{FAE04EC0-301F-11D3-BF4B-00C04F79EFBC}") = "Monitor de salas de computo", "Monitor de salas de computo\Monitor de salas de computo.csproj", "{0B30D687-FC29-4F6E-97E8-2A762ECE53B9}"
EndProject
Global
	GlobalSection(SolutionConfigurationPlatforms) = preSolution
		Debug|Any CPU = Debug|Any CPU
		Release|Any CPU = Release|Any CPU
	EndGlobalSection
	GlobalSection(ProjectConfigurationPlatforms) = postSolution
		{0B30D687-FC29-4F6E-97E8-2A762ECE53B9}.Debug|Any CPU.ActiveCfg = Debug|Any CPU
		{0B30D687-FC29-4F6E-97E8-2A762ECE53B9}.Debug|Any CPU.Build.0 = Debug|Any CPU
		{0B30D687-FC29-4F6E-97E8-2A762ECE53B9}.Release|Any CPU.ActiveCfg = Release|Any CPU
		{0B30D687-FC29-4F6E-97E8-2A762ECE53B9}.Release|Any CPU.Build.0 = Release|Any CPU
	EndGlobalSection
	GlobalSection(SolutionProperties) = preSolution
		HideSolutionNode = FALSE
	EndGlobalSection
	GlobalSection(ExtensibilityGlobals) = postSolution
		SolutionGuid = {FAA99EF2-9EC2-4B9E-96C4-E6974427723E}
	EndGlobalSection
EndGlobal
